// !$*UTF8*$!
{
	archiveVersion = 1;
	classes = {
	};
	objectVersion = 51;
	objects = {

/* Begin PBXBuildFile section */
		87A5223022CA1833003C7FD5 /* SampleFlightModel.swift in Sources */ = {isa = PBXBuildFile; fileRef = 87A5222F22CA1832003C7FD5 /* SampleFlightModel.swift */; };
		87A5223222CA1911003C7FD5 /* Model.swift in Sources */ = {isa = PBXBuildFile; fileRef = 87A5223122CA1911003C7FD5 /* Model.swift */; };
		87A5223422CA19FF003C7FD5 /* Network.swift in Sources */ = {isa = PBXBuildFile; fileRef = 87A5223322CA19FF003C7FD5 /* Network.swift */; };
		87E6121722CA153C008DAC1E /* AppDelegate.swift in Sources */ = {isa = PBXBuildFile; fileRef = 87E6121622CA153C008DAC1E /* AppDelegate.swift */; };
		87E6121922CA153C008DAC1E /* ViewController.swift in Sources */ = {isa = PBXBuildFile; fileRef = 87E6121822CA153C008DAC1E /* ViewController.swift */; };
		87E6121C22CA153C008DAC1E /* Main.storyboard in Resources */ = {isa = PBXBuildFile; fileRef = 87E6121A22CA153C008DAC1E /* Main.storyboard */; };
		87E6121E22CA1540008DAC1E /* Assets.xcassets in Resources */ = {isa = PBXBuildFile; fileRef = 87E6121D22CA1540008DAC1E /* Assets.xcassets */; };
		87E6122122CA1540008DAC1E /* LaunchScreen.storyboard in Resources */ = {isa = PBXBuildFile; fileRef = 87E6121F22CA1540008DAC1E /* LaunchScreen.storyboard */; };
		87F0560922CA86F1000C224D /* MyCell.swift in Sources */ = {isa = PBXBuildFile; fileRef = 87F0560822CA86F1000C224D /* MyCell.swift */; };
		C2D35B32309A5889804B391D /* Pods_ixigo_Assignment.framework in Frameworks */ = {isa = PBXBuildFile; fileRef = 05D9BC47593254898FC9B28E /* Pods_ixigo_Assignment.framework */; };
/* End PBXBuildFile section */

/* Begin PBXFileReference section */
		014FF07289092C28E8166F08 /* Pods-ixigo Assignment.release.xcconfig */ = {isa = PBXFileReference; includeInIndex = 1; lastKnownFileType = text.xcconfig; name = "Pods-ixigo Assignment.release.xcconfig"; path = "Target Support Files/Pods-ixigo Assignment/Pods-ixigo Assignment.release.xcconfig"; sourceTree = "<group>"; };
		05D9BC47593254898FC9B28E /* Pods_ixigo_Assignment.framework */ = {isa = PBXFileReference; explicitFileType = wrapper.framework; includeInIndex = 0; path = Pods_ixigo_Assignment.framework; sourceTree = BUILT_PRODUCTS_DIR; };
		3446F2A6BA4D72CBE8255C00 /* Pods-ixigo Assignment.debug.xcconfig */ = {isa = PBXFileReference; includeInIndex = 1; lastKnownFileType = text.xcconfig; name = "Pods-ixigo Assignment.debug.xcconfig"; path = "Target Support Files/Pods-ixigo Assignment/Pods-ixigo Assignment.debug.xcconfig"; sourceTree = "<group>"; };
		87A5222F22CA1832003C7FD5 /* SampleFlightModel.swift */ = {isa = PBXFileReference; lastKnownFileType = sourcecode.swift; path = SampleFlightModel.swift; sourceTree = "<group>"; };
		87A5223122CA1911003C7FD5 /* Model.swift */ = {isa = PBXFileReference; lastKnownFileType = sourcecode.swift; path = Model.swift; sourceTree = "<group>"; };
		87A5223322CA19FF003C7FD5 /* Network.swift */ = {isa = PBXFileReference; lastKnownFileType = sourcecode.swift; path = Network.swift; sourceTree = "<group>"; };
		87E6121322CA153C008DAC1E /* ixigo Assignment.app */ = {isa = PBXFileReference; explicitFileType = wrapper.application; includeInIndex = 0; path = "ixigo Assignment.app"; sourceTree = BUILT_PRODUCTS_DIR; };
		87E6121622CA153C008DAC1E /* AppDelegate.swift */ = {isa = PBXFileReference; lastKnownFileType = sourcecode.swift; path = AppDelegate.swift; sourceTree = "<group>"; };
		87E6121822CA153C008DAC1E /* ViewController.swift */ = {isa = PBXFileReference; lastKnownFileType = sourcecode.swift; path = ViewController.swift; sourceTree = "<group>"; };
		87E6121B22CA153C008DAC1E /* Base */ = {isa = PBXFileReference; lastKnownFileType = file.storyboard; name = Base; path = Base.lproj/Main.storyboard; sourceTree = "<group>"; };
		87E6121D22CA1540008DAC1E /* Assets.xcassets */ = {isa = PBXFileReference; lastKnownFileType = folder.assetcatalog; path = Assets.xcassets; sourceTree = "<group>"; };
		87E6122022CA1540008DAC1E /* Base */ = {isa = PBXFileReference; lastKnownFileType = file.storyboard; name = Base; path = Base.lproj/LaunchScreen.storyboard; sourceTree = "<group>"; };
		87E6122222CA1540008DAC1E /* Info.plist */ = {isa = PBXFileReference; lastKnownFileType = text.plist.xml; path = Info.plist; sourceTree = "<group>"; };
		87F0560822CA86F1000C224D /* MyCell.swift */ = {isa = PBXFileReference; lastKnownFileType = sourcecode.swift; path = MyCell.swift; sourceTree = "<group>"; };
/* End PBXFileReference section */

/* Begin PBXFrameworksBuildPhase section */
		87E6121022CA153C008DAC1E /* Frameworks */ = {
			isa = PBXFrameworksBuildPhase;
			buildActionMask = 2147483647;
			files = (
				C2D35B32309A5889804B391D /* Pods_ixigo_Assignment.framework in Frameworks */,
			);
			runOnlyForDeploymentPostprocessing = 0;
		};
/* End PBXFrameworksBuildPhase section */

/* Begin PBXGroup section */
		87A5222E22CA1805003C7FD5 /* Model */ = {
			isa = PBXGroup;
			children = (
				87A5222F22CA1832003C7FD5 /* SampleFlightModel.swift */,
				87A5223122CA1911003C7FD5 /* Model.swift */,
			);
			path = Model;
			sourceTree = "<group>";
		};
		87E6120A22CA153C008DAC1E = {
			isa = PBXGroup;
			children = (
				87E6121522CA153C008DAC1E /* ixigo Assignment */,
				87E6121422CA153C008DAC1E /* Products */,
				A41A4A733597A1FBAB756D3C /* Pods */,
				C705ADF37815CE5B67A198FB /* Frameworks */,
			);
			sourceTree = "<group>";
		};
		87E6121422CA153C008DAC1E /* Products */ = {
			isa = PBXGroup;
			children = (
				87E6121322CA153C008DAC1E /* ixigo Assignment.app */,
			);
			name = Products;
			sourceTree = "<group>";
		};
		87E6121522CA153C008DAC1E /* ixigo Assignment */ = {
			isa = PBXGroup;
			children = (
				87A5222E22CA1805003C7FD5 /* Model */,
				87E6121622CA153C008DAC1E /* AppDelegate.swift */,
				87E6121822CA153C008DAC1E /* ViewController.swift */,
				87A5223322CA19FF003C7FD5 /* Network.swift */,
				87F0560822CA86F1000C224D /* MyCell.swift */,
				87E6121A22CA153C008DAC1E /* Main.storyboard */,
				87E6121D22CA1540008DAC1E /* Assets.xcassets */,
				87E6121F22CA1540008DAC1E /* LaunchScreen.storyboard */,
				87E6122222CA1540008DAC1E /* Info.plist */,
			);
			path = "ixigo Assignment";
			sourceTree = "<group>";
		};
		A41A4A733597A1FBAB756D3C /* Pods */ = {
			isa = PBXGroup;
			children = (
				3446F2A6BA4D72CBE8255C00 /* Pods-ixigo Assignment.debug.xcconfig */,
				014FF07289092C28E8166F08 /* Pods-ixigo Assignment.release.xcconfig */,
			);
			path = Pods;
			sourceTree = "<group>";
		};
		C705ADF37815CE5B67A198FB /* Frameworks */ = {
			isa = PBXGroup;
			children = (
				05D9BC47593254898FC9B28E /* Pods_ixigo_Assignment.framework */,
			);
			name = Frameworks;
			sourceTree = "<group>";
		};
/* End PBXGroup section */

/* Begin PBXNativeTarget section */
		87E6121222CA153C008DAC1E /* ixigo Assignment */ = {
			isa = PBXNativeTarget;
			buildConfigurationList = 87E6122522CA1540008DAC1E /* Build configuration list for PBXNativeTarget "ixigo Assignment" */;
			buildPhases = (
				952A7704320603B563C0BE94 /* [CP] Check Pods Manifest.lock */,
				87E6120F22CA153C008DAC1E /* Sources */,
				87E6121022CA153C008DAC1E /* Frameworks */,
				87E6121122CA153C008DAC1E /* Resources */,
				7ECEF64C0C04ED39CEF46163 /* [CP] Embed Pods Frameworks */,
			);
			buildRules = (
			);
			dependencies = (
			);
			name = "ixigo Assignment";
			productName = "ixigo Assignment";
			productReference = 87E6121322CA153C008DAC1E /* ixigo Assignment.app */;
			productType = "com.apple.product-type.application";
		};
/* End PBXNativeTarget section */

/* Begin PBXProject section */
		87E6120B22CA153C008DAC1E /* Project object */ = {
			isa = PBXProject;
			attributes = {
				LastSwiftUpdateCheck = 1020;
				LastUpgradeCheck = 1020;
				ORGANIZATIONNAME = "GAURAV NAYAK";
				TargetAttributes = {
					87E6121222CA153C008DAC1E = {
						CreatedOnToolsVersion = 10.2.1;
					};
				};
			};
			buildConfigurationList = 87E6120E22CA153C008DAC1E /* Build configuration list for PBXProject "ixigo Assignment" */;
			compatibilityVersion = "Xcode 9.3";
			developmentRegion = en;
			hasScannedForEncodings = 0;
			knownRegions = (
				en,
				Base,
			);
			mainGroup = 87E6120A22CA153C008DAC1E;
			productRefGroup = 87E6121422CA153C008DAC1E /* Products */;
			projectDirPath = "";
			projectRoot = "";
			targets = (
				87E6121222CA153C008DAC1E /* ixigo Assignment */,
			);
		};
/* End PBXProject section */

/* Begin PBXResourcesBuildPhase section */
		87E6121122CA153C008DAC1E /* Resources */ = {
			isa = PBXResourcesBuildPhase;
			buildActionMask = 2147483647;
			files = (
				87E6122122CA1540008DAC1E /* LaunchScreen.storyboard in Resources */,
				87E6121E22CA1540008DAC1E /* Assets.xcassets in Resources */,
				87E6121C22CA153C008DAC1E /* Main.storyboard in Resources */,
			);
			runOnlyForDeploymentPostprocessing = 0;
		};
/* End PBXResourcesBuildPhase section */

/* Begin PBXShellScriptBuildPhase section */
		7ECEF64C0C04ED39CEF46163 /* [CP] Embed Pods Frameworks */ = {
			isa = PBXShellScriptBuildPhase;
			buildActionMask = 2147483647;
			files = (
			);
			inputFileListPaths = (
				"${PODS_ROOT}/Target Support Files/Pods-ixigo Assignment/Pods-ixigo Assignment-frameworks-${CONFIGURATION}-input-files.xcfilelist",
			);
			name = "[CP] Embed Pods Frameworks";
			outputFileListPaths = (
				"${PODS_ROOT}/Target Support Files/Pods-ixigo Assignment/Pods-ixigo Assignment-frameworks-${CONFIGURATION}-output-files.xcfilelist",
			);
			runOnlyForDeploymentPostprocessing = 0;
			shellPath = /bin/sh;
			shellScript = "\"${PODS_ROOT}/Target Support Files/Pods-ixigo Assignment/Pods-ixigo Assignment-frameworks.sh\"\n";
			showEnvVarsInLog = 0;
		};
		952A7704320603B563C0BE94 /* [CP] Check Pods Manifest.lock */ = {
			isa = PBXShellScriptBuildPhase;
			buildActionMask = 2147483647;
			files = (
			);
			inputFileListPaths = (
			);
			inputPaths = (
				"${PODS_PODFILE_DIR_PATH}/Podfile.lock",
				"${PODS_ROOT}/Manifest.lock",
			);
			name = "[CP] Check Pods Manifest.lock";
			outputFileListPaths = (
			);
			outputPaths = (
				"$(DERIVED_FILE_DIR)/Pods-ixigo Assignment-checkManifestLockResult.txt",
			);
			runOnlyForDeploymentPostprocessing = 0;
			shellPath = /bin/sh;
			shellScript = "diff \"${PODS_PODFILE_DIR_PATH}/Podfile.lock\" \"${PODS_ROOT}/Manifest.lock\" > /dev/null\nif [ $? != 0 ] ; then\n    # print error to STDERR\n    echo \"error: The sandbox is not in sync with the Podfile.lock. Run 'pod install' or update your CocoaPods installation.\" >&2\n    exit 1\nfi\n# This output is used by Xcode 'outputs' to avoid re-running this script phase.\necho \"SUCCESS\" > \"${SCRIPT_OUTPUT_FILE_0}\"\n";
			showEnvVarsInLog = 0;
		};
/* End PBXShellScriptBuildPhase section */

/* Begin PBXSourcesBuildPhase section */
		87E6120F22CA153C008DAC1E /* Sources */ = {
			isa = PBXSourcesBuildPhase;
			buildActionMask = 2147483647;
			files = (
				87A5223422CA19FF003C7FD5 /* Network.swift in Sources */,
				87E6121922CA153C008DAC1E /* ViewController.swift in Sources */,
				87E6121722CA153C008DAC1E /* AppDelegate.swift in Sources */,
				87F0560922CA86F1000C224D /* MyCell.swift in Sources */,
				87A5223022CA1833003C7FD5 /* SampleFlightModel.swift in Sources */,
				87A5223222CA1911003C7FD5 /* Model.swift in Sources */,
			);
			runOnlyForDeploymentPostprocessing = 0;
		};
/* End PBXSourcesBuildPhase section */

/* Begin PBXVariantGroup section */
		87E6121A22CA153C008DAC1E /* Main.storyboard */ = {
			isa = PBXVariantGroup;
			children = (
				87E6121B22CA153C008DAC1E /* Base */,
			);
			name = Main.storyboard;
			sourceTree = "<group>";
		};
		87E6121F22CA1540008DAC1E /* LaunchScreen.storyboard */ = {
			isa = PBXVariantGroup;
			children = (
				87E6122022CA1540008DAC1E /* Base */,
			);
			name = LaunchScreen.storyboard;
			sourceTree = "<group>";
		};
/* End PBXVariantGroup section */

/* Begin XCBuildConfiguration section */
		87E6122322CA1540008DAC1E /* Debug */ = {
			isa = XCBuildConfiguration;
			buildSettings = {
				ALWAYS_SEARCH_USER_PATHS = NO;
				CLANG_ANALYZER_NONNULL = YES;
				CLANG_ANALYZER_NUMBER_OBJECT_CONVERSION = YES_AGGRESSIVE;
				CLANG_CXX_LANGUAGE_STANDARD = "gnu++14";
				CLANG_CXX_LIBRARY = "libc++";
				CLANG_ENABLE_MODULES = YES;
				CLANG_ENABLE_OBJC_ARC = YES;
				CLANG_ENABLE_OBJC_WEAK = YES;
				CLANG_WARN_BLOCK_CAPTURE_AUTORELEASING = YES;
				CLANG_WARN_BOOL_CONVERSION = YES;
				CLANG_WARN_COMMA = YES;
				CLANG_WARN_CONSTANT_CONVERSION = YES;
				CLANG_WARN_DEPRECATED_OBJC_IMPLEMENTATIONS = YES;
				CLANG_WARN_DIRECT_OBJC_ISA_USAGE = YES_ERROR;
				CLANG_WARN_DOCUMENTATION_COMMENTS = YES;
				CLANG_WARN_EMPTY_BODY = YES;
				CLANG_WARN_ENUM_CONVERSION = YES;
				CLANG_WARN_INFINITE_RECURSION = YES;
				CLANG_WARN_INT_CONVERSION = YES;
				CLANG_WARN_NON_LITERAL_NULL_CONVERSION = YES;
				CLANG_WARN_OBJC_IMPLICIT_RETAIN_SELF = YES;
				CLANG_WARN_OBJC_LITERAL_CONVERSION = YES;
				CLANG_WARN_OBJC_ROOT_CLASS = YES_ERROR;
				CLANG_WARN_RANGE_LOOP_ANALYSIS = YES;
				CLANG_WARN_STRICT_PROTOTYPES = YES;
				CLANG_WARN_SUSPICIOUS_MOVE = YES;
				CLANG_WARN_UNGUARDED_AVAILABILITY = YES_AGGRESSIVE;
				CLANG_WARN_UNREACHABLE_CODE = YES;
				CLANG_WARN__DUPLICATE_METHOD_MATCH = YES;
				CODE_SIGN_IDENTITY = "iPhone Developer";
				COPY_PHASE_STRIP = NO;
				DEBUG_INFORMATION_FORMAT = dwarf;
				ENABLE_STRICT_OBJC_MSGSEND = YES;
				ENABLE_TESTABILITY = YES;
				GCC_C_LANGUAGE_STANDARD = gnu11;
				GCC_DYNAMIC_NO_PIC = NO;
				GCC_NO_COMMON_BLOCKS = YES;
				GCC_OPTIMIZATION_LEVEL = 0;
				GCC_PREPROCESSOR_DEFINITIONS = (
					"DEBUG=1",
					"$(inherited)",
				);
				GCC_WARN_64_TO_32_BIT_CONVERSION = YES;
				GCC_WARN_ABOUT_RETURN_TYPE = YES_ERROR;
				GCC_WARN_UNDECLARED_SELECTOR = YES;
				GCC_WARN_UNINITIALIZED_AUTOS = YES_AGGRESSIVE;
				GCC_WARN_UNUSED_FUNCTION = YES;
				GCC_WARN_UNUSED_VARIABLE = YES;
				IPHONEOS_DEPLOYMENT_TARGET = 12.2;
				MTL_ENABLE_DEBUG_INFO = INCLUDE_SOURCE;
				MTL_FAST_MATH = YES;
				ONLY_ACTIVE_ARCH = YES;
				SDKROOT = iphoneos;
				SWIFT_ACTIVE_COMPILATION_CONDITIONS = DEBUG;
				SWIFT_OPTIMIZATION_LEVEL = "-Onone";
			};
			name = Debug;
		};
		87E6122422CA1540008DAC1E /* Release */ = {
			isa = XCBuildConfiguration;
			buildSettings = {
				ALWAYS_SEARCH_USER_PATHS = NO;
				CLANG_ANALYZER_NONNULL = YES;
				CLANG_ANALYZER_NUMBER_OBJECT_CONVERSION = YES_AGGRESSIVE;
				CLANG_CXX_LANGUAGE_STANDARD = "gnu++14";
				CLANG_CXX_LIBRARY = "libc++";
				CLANG_ENABLE_MODULES = YES;
				CLANG_ENABLE_OBJC_ARC = YES;
				CLANG_ENABLE_OBJC_WEAK = YES;
				CLANG_WARN_BLOCK_CAPTURE_AUTORELEASING = YES;
				CLANG_WARN_BOOL_CONVERSION = YES;
				CLANG_WARN_COMMA = YES;
				CLANG_WARN_CONSTANT_CONVERSION = YES;
				CLANG_WARN_DEPRECATED_OBJC_IMPLEMENTATIONS = YES;
				CLANG_WARN_DIRECT_OBJC_ISA_USAGE = YES_ERROR;
				CLANG_WARN_DOCUMENTATION_COMMENTS = YES;
				CLANG_WARN_EMPTY_BODY = YES;
				CLANG_WARN_ENUM_CONVERSION = YES;
				CLANG_WARN_INFINITE_RECURSION = YES;
				CLANG_WARN_INT_CONVERSION = YES;
				CLANG_WARN_NON_LITERAL_NULL_CONVERSION = YES;
				CLANG_WARN_OBJC_IMPLICIT_RETAIN_SELF = YES;
				CLANG_WARN_OBJC_LITERAL_CONVERSION = YES;
				CLANG_WARN_OBJC_ROOT_CLASS = YES_ERROR;
				CLANG_WARN_RANGE_LOOP_ANALYSIS = YES;
				CLANG_WARN_STRICT_PROTOTYPES = YES;
				CLANG_WARN_SUSPICIOUS_MOVE = YES;
				CLANG_WARN_UNGUARDED_AVAILABILITY = YES_AGGRESSIVE;
				CLANG_WARN_UNREACHABLE_CODE = YES;
				CLANG_WARN__DUPLICATE_METHOD_MATCH = YES;
				CODE_SIGN_IDENTITY = "iPhone Developer";
				COPY_PHASE_STRIP = NO;
				DEBUG_INFORMATION_FORMAT = "dwarf-with-dsym";
				ENABLE_NS_ASSERTIONS = NO;
				ENABLE_STRICT_OBJC_MSGSEND = YES;
				GCC_C_LANGUAGE_STANDARD = gnu11;
				GCC_NO_COMMON_BLOCKS = YES;
				GCC_WARN_64_TO_32_BIT_CONVERSION = YES;
				GCC_WARN_ABOUT_RETURN_TYPE = YES_ERROR;
				GCC_WARN_UNDECLARED_SELECTOR = YES;
				GCC_WARN_UNINITIALIZED_AUTOS = YES_AGGRESSIVE;
				GCC_WARN_UNUSED_FUNCTION = YES;
				GCC_WARN_UNUSED_VARIABLE = YES;
				IPHONEOS_DEPLOYMENT_TARGET = 12.2;
				MTL_ENABLE_DEBUG_INFO = NO;
				MTL_FAST_MATH = YES;
				SDKROOT = iphoneos;
				SWIFT_COMPILATION_MODE = wholemodule;
				SWIFT_OPTIMIZATION_LEVEL = "-O";
				VALIDATE_PRODUCT = YES;
			};
			name = Release;
		};
		87E6122622CA1540008DAC1E /* Debug */ = {
			isa = XCBuildConfiguration;
			baseConfigurationReference = 3446F2A6BA4D72CBE8255C00 /* Pods-ixigo Assignment.debug.xcconfig */;
			buildSettings = {
				ASSETCATALOG_COMPILER_APPICON_NAME = AppIcon;
				CODE_SIGN_STYLE = Automatic;
				DEVELOPMENT_TEAM = AA8CHNATR3;
				INFOPLIST_FILE = "ixigo Assignment/Info.plist";
				LD_RUNPATH_SEARCH_PATHS = (
					"$(inherited)",
					"@executable_path/Frameworks",
				);
				PRODUCT_BUNDLE_IDENTIFIER = "CaffeineDevotee.ixigo-Assignment";
				PRODUCT_NAME = "$(TARGET_NAME)";
				SWIFT_VERSION = 5.0;
				TARGETED_DEVICE_FAMILY = 1;
			};
			name = Debug;
		};
		87E6122722CA1540008DAC1E /* Release */ = {
			isa = XCBuildConfiguration;
			baseConfigurationReference = 014FF07289092C28E8166F08 /* Pods-ixigo Assignment.release.xcconfig */;
			buildSettings = {
				ASSETCATALOG_COMPILER_APPICON_NAME = AppIcon;
				CODE_SIGN_STYLE = Automatic;
				DEVELOPMENT_TEAM = AA8CHNATR3;
				INFOPLIST_FILE = "ixigo Assignment/Info.plist";
				LD_RUNPATH_SEARCH_PATHS = (
					"$(inherited)",
					"@executable_path/Frameworks",
				);
				PRODUCT_BUNDLE_IDENTIFIER = "CaffeineDevotee.ixigo-Assignment";
				PRODUCT_NAME = "$(TARGET_NAME)";
				SWIFT_VERSION = 5.0;
				TARGETED_DEVICE_FAMILY = 1;
			};
			name = Release;
		};
/* End XCBuildConfiguration section */

/* Begin XCConfigurationList section */
		87E6120E22CA153C008DAC1E /* Build configuration list for PBXProject "ixigo Assignment" */ = {
			isa = XCConfigurationList;
			buildConfigurations = (
				87E6122322CA1540008DAC1E /* Debug */,
				87E6122422CA1540008DAC1E /* Release */,
			);
			defaultConfigurationIsVisible = 0;
			defaultConfigurationName = Release;
		};
		87E6122522CA1540008DAC1E /* Build configuration list for PBXNativeTarget "ixigo Assignment" */ = {
			isa = XCConfigurationList;
			buildConfigurations = (
				87E6122622CA1540008DAC1E /* Debug */,
				87E6122722CA1540008DAC1E /* Release */,
			);
			defaultConfigurationIsVisible = 0;
			defaultConfigurationName = Release;
		};
/* End XCConfigurationList section */
	};
	rootObject = 87E6120B22CA153C008DAC1E /* Project object */;
}
